
Microsoft Visual Studio Solution File, Format Version 12.00
# Visual Studio 14
VisualStudioVersion = 14.0.25123.0
MinimumVisualStudioVersion = 10.0.40219.1
Project("{FAE04EC0-301F-11D3-BF4B-00C04F79EFBC}") = "XamFormsSqlite.Droid", "XamFormsSqlite\XamFormsSqlite.Droid\XamFormsSqlite.Droid.csproj", "{98AED495-FF8C-43EE-AB1F-2B1AD3F06262}"
EndProject
Project("{FAE04EC0-301F-11D3-BF4B-00C04F79EFBC}") = "XamFormsSqlite.iOS", "XamFormsSqlite\XamFormsSqlite.iOS\XamFormsSqlite.iOS.csproj", "{75E3390A-B340-416F-8F09-D82CD4ECFF2C}"
EndProject
Project("{FAE04EC0-301F-11D3-BF4B-00C04F79EFBC}") = "XamFormsSqlite.WinPhone", "XamFormsSqlite\XamFormsSqlite.WinPhone\XamFormsSqlite.WinPhone.csproj", "{53B1F19D-41AA-4321-84B2-3D175D0DCEBA}"
EndProject
Project("{FAE04EC0-301F-11D3-BF4B-00C04F79EFBC}") = "XamFormsSqlite.UWP", "XamFormsSqlite\XamFormsSqlite.UWP\XamFormsSqlite.UWP.csproj", "{CAE0C844-5776-46DD-AA46-EB2AC90684CB}"
EndProject
Project("{FAE04EC0-301F-11D3-BF4B-00C04F79EFBC}") = "XamFormsSqlite.Windows", "XamFormsSqlite\XamFormsSqlite.Windows\XamFormsSqlite.Windows.csproj", "{747DD7A7-6498-4F8D-9EB5-3359D06B29F7}"
EndProject
Project("{FAE04EC0-301F-11D3-BF4B-00C04F79EFBC}") = "XamFormsSqlite", "XamFormsSqlite\XamFormsSqlite\XamFormsSqlite.csproj", "{1203303C-8448-4980-B682-9233CE6BAA4F}"
EndProject
Global
	GlobalSection(SolutionConfigurationPlatforms) = preSolution
		Ad-Hoc|Any CPU = Ad-Hoc|Any CPU
		Ad-Hoc|ARM = Ad-Hoc|ARM
		Ad-Hoc|iPhone = Ad-Hoc|iPhone
		Ad-Hoc|iPhoneSimulator = Ad-Hoc|iPhoneSimulator
		Ad-Hoc|x64 = Ad-Hoc|x64
		Ad-Hoc|x86 = Ad-Hoc|x86
		AppStore|Any CPU = AppStore|Any CPU
		AppStore|ARM = AppStore|ARM
		AppStore|iPhone = AppStore|iPhone
		AppStore|iPhoneSimulator = AppStore|iPhoneSimulator
		AppStore|x64 = AppStore|x64
		AppStore|x86 = AppStore|x86
		Debug|Any CPU = Debug|Any CPU
		Debug|ARM = Debug|ARM
		Debug|iPhone = Debug|iPhone
		Debug|iPhoneSimulator = Debug|iPhoneSimulator
		Debug|x64 = Debug|x64
		Debug|x86 = Debug|x86
		Release|Any CPU = Release|Any CPU
		Release|ARM = Release|ARM
		Release|iPhone = Release|iPhone
		Release|iPhoneSimulator = Release|iPhoneSimulator
		Release|x64 = Release|x64
		Release|x86 = Release|x86
	EndGlobalSection
	GlobalSection(ProjectConfigurationPlatforms) = postSolution
		{98AED495-FF8C-43EE-AB1F-2B1AD3F06262}.Ad-Hoc|Any CPU.ActiveCfg = Release|Any CPU
		{98AED495-FF8C-43EE-AB1F-2B1AD3F06262}.Ad-Hoc|Any CPU.Build.0 = Release|Any CPU
		{98AED495-FF8C-43EE-AB1F-2B1AD3F06262}.Ad-Hoc|Any CPU.Deploy.0 = Release|Any CPU
		{98AED495-FF8C-43EE-AB1F-2B1AD3F06262}.Ad-Hoc|ARM.ActiveCfg = Release|Any CPU
		{98AED495-FF8C-43EE-AB1F-2B1AD3F06262}.Ad-Hoc|ARM.Build.0 = Release|Any CPU
		{98AED495-FF8C-43EE-AB1F-2B1AD3F06262}.Ad-Hoc|ARM.Deploy.0 = Release|Any CPU
		{98AED495-FF8C-43EE-AB1F-2B1AD3F06262}.Ad-Hoc|iPhone.ActiveCfg = Release|Any CPU
		{98AED495-FF8C-43EE-AB1F-2B1AD3F06262}.Ad-Hoc|iPhone.Build.0 = Release|Any CPU
		{98AED495-FF8C-43EE-AB1F-2B1AD3F06262}.Ad-Hoc|iPhone.Deploy.0 = Release|Any CPU
		{98AED495-FF8C-43EE-AB1F-2B1AD3F06262}.Ad-Hoc|iPhoneSimulator.ActiveCfg = Release|Any CPU
		{98AED495-FF8C-43EE-AB1F-2B1AD3F06262}.Ad-Hoc|iPhoneSimulator.Build.0 = Release|Any CPU
		{98AED495-FF8C-43EE-AB1F-2B1AD3F06262}.Ad-Hoc|iPhoneSimulator.Deploy.0 = Release|Any CPU
		{98AED495-FF8C-43EE-AB1F-2B1AD3F06262}.Ad-Hoc|x64.ActiveCfg = Release|Any CPU
		{98AED495-FF8C-43EE-AB1F-2B1AD3F06262}.Ad-Hoc|x64.Build.0 = Release|Any CPU
		{98AED495-FF8C-43EE-AB1F-2B1AD3F06262}.Ad-Hoc|x64.Deploy.0 = Release|Any CPU
		{98AED495-FF8C-43EE-AB1F-2B1AD3F06262}.Ad-Hoc|x86.ActiveCfg = Release|Any CPU
		{98AED495-FF8C-43EE-AB1F-2B1AD3F06262}.Ad-Hoc|x86.Build.0 = Release|Any CPU
		{98AED495-FF8C-43EE-AB1F-2B1AD3F06262}.Ad-Hoc|x86.Deploy.0 = Release|Any CPU
		{98AED495-FF8C-43EE-AB1F-2B1AD3F06262}.AppStore|Any CPU.ActiveCfg = Release|Any CPU
		{98AED495-FF8C-43EE-AB1F-2B1AD3F06262}.AppStore|Any CPU.Build.0 = Release|Any CPU
		{98AED495-FF8C-43EE-AB1F-2B1AD3F06262}.AppStore|Any CPU.Deploy.0 = Release|Any CPU
		{98AED495-FF8C-43EE-AB1F-2B1AD3F06262}.AppStore|ARM.ActiveCfg = Release|Any CPU
		{98AED495-FF8C-43EE-AB1F-2B1AD3F06262}.AppStore|ARM.Build.0 = Release|Any CPU
		{98AED495-FF8C-43EE-AB1F-2B1AD3F06262}.AppStore|ARM.Deploy.0 = Release|Any CPU
		{98AED495-FF8C-43EE-AB1F-2B1AD3F06262}.AppStore|iPhone.ActiveCfg = Release|Any CPU
		{98AED495-FF8C-43EE-AB1F-2B1AD3F06262}.AppStore|iPhone.Build.0 = Release|Any CPU
		{98AED495-FF8C-43EE-AB1F-2B1AD3F06262}.AppStore|iPhone.Deploy.0 = Release|Any CPU
		{98AED495-FF8C-43EE-AB1F-2B1AD3F06262}.AppStore|iPhoneSimulator.ActiveCfg = Release|Any CPU
		{98AED495-FF8C-43EE-AB1F-2B1AD3F06262}.AppStore|iPhoneSimulator.Build.0 = Release|Any CPU
		{98AED495-FF8C-43EE-AB1F-2B1AD3F06262}.AppStore|iPhoneSimulator.Deploy.0 = Release|Any CPU
		{98AED495-FF8C-43EE-AB1F-2B1AD3F06262}.AppStore|x64.ActiveCfg = Release|Any CPU
		{98AED495-FF8C-43EE-AB1F-2B1AD3F06262}.AppStore|x64.Build.0 = Release|Any CPU
		{98AED495-FF8C-43EE-AB1F-2B1AD3F06262}.AppStore|x64.Deploy.0 = Release|Any CPU
		{98AED495-FF8C-43EE-AB1F-2B1AD3F06262}.AppStore|x86.ActiveCfg = Release|Any CPU
		{98AED495-FF8C-43EE-AB1F-2B1AD3F06262}.AppStore|x86.Build.0 = Release|Any CPU
		{98AED495-FF8C-43EE-AB1F-2B1AD3F06262}.AppStore|x86.Deploy.0 = Release|Any CPU
		{98AED495-FF8C-43EE-AB1F-2B1AD3F06262}.Debug|Any CPU.ActiveCfg = Debug|Any CPU
		{98AED495-FF8C-43EE-AB1F-2B1AD3F06262}.Debug|Any CPU.Build.0 = Debug|Any CPU
		{98AED495-FF8C-43EE-AB1F-2B1AD3F06262}.Debug|Any CPU.Deploy.0 = Debug|Any CPU
		{98AED495-FF8C-43EE-AB1F-2B1AD3F06262}.Debug|ARM.ActiveCfg = Debug|Any CPU
		{98AED495-FF8C-43EE-AB1F-2B1AD3F06262}.Debug|ARM.Build.0 = Debug|Any CPU
		{98AED495-FF8C-43EE-AB1F-2B1AD3F06262}.Debug|ARM.Deploy.0 = Debug|Any CPU
		{98AED495-FF8C-43EE-AB1F-2B1AD3F06262}.Debug|iPhone.ActiveCfg = Debug|Any CPU
		{98AED495-FF8C-43EE-AB1F-2B1AD3F06262}.Debug|iPhone.Build.0 = Debug|Any CPU
		{98AED495-FF8C-43EE-AB1F-2B1AD3F06262}.Debug|iPhone.Deploy.0 = Debug|Any CPU
		{98AED495-FF8C-43EE-AB1F-2B1AD3F06262}.Debug|iPhoneSimulator.ActiveCfg = Debug|Any CPU
		{98AED495-FF8C-43EE-AB1F-2B1AD3F06262}.Debug|iPhoneSimulator.Build.0 = Debug|Any CPU
		{98AED495-FF8C-43EE-AB1F-2B1AD3F06262}.Debug|iPhoneSimulator.Deploy.0 = Debug|Any CPU
		{98AED495-FF8C-43EE-AB1F-2B1AD3F06262}.Debug|x64.ActiveCfg = Debug|Any CPU
		{98AED495-FF8C-43EE-AB1F-2B1AD3F06262}.Debug|x64.Build.0 = Debug|Any CPU
		{98AED495-FF8C-43EE-AB1F-2B1AD3F06262}.Debug|x64.Deploy.0 = Debug|Any CPU
		{98AED495-FF8C-43EE-AB1F-2B1AD3F06262}.Debug|x86.ActiveCfg = Debug|Any CPU
		{98AED495-FF8C-43EE-AB1F-2B1AD3F06262}.Debug|x86.Build.0 = Debug|Any CPU
		{98AED495-FF8C-43EE-AB1F-2B1AD3F06262}.Debug|x86.Deploy.0 = Debug|Any CPU
		{98AED495-FF8C-43EE-AB1F-2B1AD3F06262}.Release|Any CPU.ActiveCfg = Release|Any CPU
		{98AED495-FF8C-43EE-AB1F-2B1AD3F06262}.Release|Any CPU.Build.0 = Release|Any CPU
		{98AED495-FF8C-43EE-AB1F-2B1AD3F06262}.Release|Any CPU.Deploy.0 = Release|Any CPU
		{98AED495-FF8C-43EE-AB1F-2B1AD3F06262}.Release|ARM.ActiveCfg = Release|Any CPU
		{98AED495-FF8C-43EE-AB1F-2B1AD3F06262}.Release|ARM.Build.0 = Release|Any CPU
		{98AED495-FF8C-43EE-AB1F-2B1AD3F06262}.Release|ARM.Deploy.0 = Release|Any CPU
		{98AED495-FF8C-43EE-AB1F-2B1AD3F06262}.Release|iPhone.ActiveCfg = Release|Any CPU
		{98AED495-FF8C-43EE-AB1F-2B1AD3F06262}.Release|iPhone.Build.0 = Release|Any CPU
		{98AED495-FF8C-43EE-AB1F-2B1AD3F06262}.Release|iPhone.Deploy.0 = Release|Any CPU
		{98AED495-FF8C-43EE-AB1F-2B1AD3F06262}.Release|iPhoneSimulator.ActiveCfg = Release|Any CPU
		{98AED495-FF8C-43EE-AB1F-2B1AD3F06262}.Release|iPhoneSimulator.Build.0 = Release|Any CPU
		{98AED495-FF8C-43EE-AB1F-2B1AD3F06262}.Release|iPhoneSimulator.Deploy.0 = Release|Any CPU
		{98AED495-FF8C-43EE-AB1F-2B1AD3F06262}.Release|x64.ActiveCfg = Release|Any CPU
		{98AED495-FF8C-43EE-AB1F-2B1AD3F06262}.Release|x64.Build.0 = Release|Any CPU
		{98AED495-FF8C-43EE-AB1F-2B1AD3F06262}.Release|x64.Deploy.0 = Release|Any CPU
		{98AED495-FF8C-43EE-AB1F-2B1AD3F06262}.Release|x86.ActiveCfg = Release|Any CPU
		{98AED495-FF8C-43EE-AB1F-2B1AD3F06262}.Release|x86.Build.0 = Release|Any CPU
		{98AED495-FF8C-43EE-AB1F-2B1AD3F06262}.Release|x86.Deploy.0 = Release|Any CPU
		{75E3390A-B340-416F-8F09-D82CD4ECFF2C}.Ad-Hoc|Any CPU.ActiveCfg = Ad-Hoc|iPhone
		{75E3390A-B340-416F-8F09-D82CD4ECFF2C}.Ad-Hoc|ARM.ActiveCfg = Ad-Hoc|iPhone
		{75E3390A-B340-416F-8F09-D82CD4ECFF2C}.Ad-Hoc|iPhone.ActiveCfg = Ad-Hoc|iPhone
		{75E3390A-B340-416F-8F09-D82CD4ECFF2C}.Ad-Hoc|iPhone.Build.0 = Ad-Hoc|iPhone
		{75E3390A-B340-416F-8F09-D82CD4ECFF2C}.Ad-Hoc|iPhoneSimulator.ActiveCfg = Ad-Hoc|iPhoneSimulator
		{75E3390A-B340-416F-8F09-D82CD4ECFF2C}.Ad-Hoc|iPhoneSimulator.Build.0 = Ad-Hoc|iPhoneSimulator
		{75E3390A-B340-416F-8F09-D82CD4ECFF2C}.Ad-Hoc|x64.ActiveCfg = Ad-Hoc|iPhone
		{75E3390A-B340-416F-8F09-D82CD4ECFF2C}.Ad-Hoc|x86.ActiveCfg = Ad-Hoc|iPhone
		{75E3390A-B340-416F-8F09-D82CD4ECFF2C}.AppStore|Any CPU.ActiveCfg = AppStore|iPhone
		{75E3390A-B340-416F-8F09-D82CD4ECFF2C}.AppStore|ARM.ActiveCfg = AppStore|iPhone
		{75E3390A-B340-416F-8F09-D82CD4ECFF2C}.AppStore|iPhone.ActiveCfg = AppStore|iPhone
		{75E3390A-B340-416F-8F09-D82CD4ECFF2C}.AppStore|iPhone.Build.0 = AppStore|iPhone
		{75E3390A-B340-416F-8F09-D82CD4ECFF2C}.AppStore|iPhoneSimulator.ActiveCfg = AppStore|iPhoneSimulator
		{75E3390A-B340-416F-8F09-D82CD4ECFF2C}.AppStore|iPhoneSimulator.Build.0 = AppStore|iPhoneSimulator
		{75E3390A-B340-416F-8F09-D82CD4ECFF2C}.AppStore|x64.ActiveCfg = AppStore|iPhone
		{75E3390A-B340-416F-8F09-D82CD4ECFF2C}.AppStore|x86.ActiveCfg = AppStore|iPhone
		{75E3390A-B340-416F-8F09-D82CD4ECFF2C}.Debug|Any CPU.ActiveCfg = Debug|iPhone
		{75E3390A-B340-416F-8F09-D82CD4ECFF2C}.Debug|ARM.ActiveCfg = Debug|iPhone
		{75E3390A-B340-416F-8F09-D82CD4ECFF2C}.Debug|iPhone.ActiveCfg = Debug|iPhone
		{75E3390A-B340-416F-8F09-D82CD4ECFF2C}.Debug|iPhone.Build.0 = Debug|iPhone
		{75E3390A-B340-416F-8F09-D82CD4ECFF2C}.Debug|iPhoneSimulator.ActiveCfg = Debug|iPhoneSimulator
		{75E3390A-B340-416F-8F09-D82CD4ECFF2C}.Debug|iPhoneSimulator.Build.0 = Debug|iPhoneSimulator
		{75E3390A-B340-416F-8F09-D82CD4ECFF2C}.Debug|x64.ActiveCfg = Debug|iPhone
		{75E3390A-B340-416F-8F09-D82CD4ECFF2C}.Debug|x86.ActiveCfg = Debug|iPhone
		{75E3390A-B340-416F-8F09-D82CD4ECFF2C}.Release|Any CPU.ActiveCfg = Release|iPhone
		{75E3390A-B340-416F-8F09-D82CD4ECFF2C}.Release|ARM.ActiveCfg = Release|iPhone
		{75E3390A-B340-416F-8F09-D82CD4ECFF2C}.Release|iPhone.ActiveCfg = Release|iPhone
		{75E3390A-B340-416F-8F09-D82CD4ECFF2C}.Release|iPhone.Build.0 = Release|iPhone
		{75E3390A-B340-416F-8F09-D82CD4ECFF2C}.Release|iPhoneSimulator.ActiveCfg = Release|iPhoneSimulator
		{75E3390A-B340-416F-8F09-D82CD4ECFF2C}.Release|iPhoneSimulator.Build.0 = Release|iPhoneSimulator
		{75E3390A-B340-416F-8F09-D82CD4ECFF2C}.Release|x64.ActiveCfg = Release|iPhone
		{75E3390A-B340-416F-8F09-D82CD4ECFF2C}.Release|x86.ActiveCfg = Release|iPhone
		{53B1F19D-41AA-4321-84B2-3D175D0DCEBA}.Ad-Hoc|Any CPU.ActiveCfg = Release|Any CPU
		{53B1F19D-41AA-4321-84B2-3D175D0DCEBA}.Ad-Hoc|Any CPU.Build.0 = Release|Any CPU
		{53B1F19D-41AA-4321-84B2-3D175D0DCEBA}.Ad-Hoc|Any CPU.Deploy.0 = Release|Any CPU
		{53B1F19D-41AA-4321-84B2-3D175D0DCEBA}.Ad-Hoc|ARM.ActiveCfg = Release|ARM
		{53B1F19D-41AA-4321-84B2-3D175D0DCEBA}.Ad-Hoc|ARM.Build.0 = Release|ARM
		{53B1F19D-41AA-4321-84B2-3D175D0DCEBA}.Ad-Hoc|ARM.Deploy.0 = Release|ARM
		{53B1F19D-41AA-4321-84B2-3D175D0DCEBA}.Ad-Hoc|iPhone.ActiveCfg = Release|Any CPU
		{53B1F19D-41AA-4321-84B2-3D175D0DCEBA}.Ad-Hoc|iPhone.Build.0 = Release|Any CPU
		{53B1F19D-41AA-4321-84B2-3D175D0DCEBA}.Ad-Hoc|iPhone.Deploy.0 = Release|Any CPU
		{53B1F19D-41AA-4321-84B2-3D175D0DCEBA}.Ad-Hoc|iPhoneSimulator.ActiveCfg = Release|Any CPU
		{53B1F19D-41AA-4321-84B2-3D175D0DCEBA}.Ad-Hoc|iPhoneSimulator.Build.0 = Release|Any CPU
		{53B1F19D-41AA-4321-84B2-3D175D0DCEBA}.Ad-Hoc|iPhoneSimulator.Deploy.0 = Release|Any CPU
		{53B1F19D-41AA-4321-84B2-3D175D0DCEBA}.Ad-Hoc|x64.ActiveCfg = Release|Any CPU
		{53B1F19D-41AA-4321-84B2-3D175D0DCEBA}.Ad-Hoc|x64.Build.0 = Release|Any CPU
		{53B1F19D-41AA-4321-84B2-3D175D0DCEBA}.Ad-Hoc|x64.Deploy.0 = Release|Any CPU
		{53B1F19D-41AA-4321-84B2-3D175D0DCEBA}.Ad-Hoc|x86.ActiveCfg = Release|x86
		{53B1F19D-41AA-4321-84B2-3D175D0DCEBA}.Ad-Hoc|x86.Build.0 = Release|x86
		{53B1F19D-41AA-4321-84B2-3D175D0DCEBA}.Ad-Hoc|x86.Deploy.0 = Release|x86
		{53B1F19D-41AA-4321-84B2-3D175D0DCEBA}.AppStore|Any CPU.ActiveCfg = Release|Any CPU
		{53B1F19D-41AA-4321-84B2-3D175D0DCEBA}.AppStore|Any CPU.Build.0 = Release|Any CPU
		{53B1F19D-41AA-4321-84B2-3D175D0DCEBA}.AppStore|Any CPU.Deploy.0 = Release|Any CPU
		{53B1F19D-41AA-4321-84B2-3D175D0DCEBA}.AppStore|ARM.ActiveCfg = Release|ARM
		{53B1F19D-41AA-4321-84B2-3D175D0DCEBA}.AppStore|ARM.Build.0 = Release|ARM
		{53B1F19D-41AA-4321-84B2-3D175D0DCEBA}.AppStore|ARM.Deploy.0 = Release|ARM
		{53B1F19D-41AA-4321-84B2-3D175D0DCEBA}.AppStore|iPhone.ActiveCfg = Release|Any CPU
		{53B1F19D-41AA-4321-84B2-3D175D0DCEBA}.AppStore|iPhone.Build.0 = Release|Any CPU
		{53B1F19D-41AA-4321-84B2-3D175D0DCEBA}.AppStore|iPhone.Deploy.0 = Release|Any CPU
		{53B1F19D-41AA-4321-84B2-3D175D0DCEBA}.AppStore|iPhoneSimulator.ActiveCfg = Release|Any CPU
		{53B1F19D-41AA-4321-84B2-3D175D0DCEBA}.AppStore|iPhoneSimulator.Build.0 = Release|Any CPU
		{53B1F19D-41AA-4321-84B2-3D175D0DCEBA}.AppStore|iPhoneSimulator.Deploy.0 = Release|Any CPU
		{53B1F19D-41AA-4321-84B2-3D175D0DCEBA}.AppStore|x64.ActiveCfg = Release|Any CPU
		{53B1F19D-41AA-4321-84B2-3D175D0DCEBA}.AppStore|x64.Build.0 = Release|Any CPU
		{53B1F19D-41AA-4321-84B2-3D175D0DCEBA}.AppStore|x64.Deploy.0 = Release|Any CPU
		{53B1F19D-41AA-4321-84B2-3D175D0DCEBA}.AppStore|x86.ActiveCfg = Release|x86
		{53B1F19D-41AA-4321-84B2-3D175D0DCEBA}.AppStore|x86.Build.0 = Release|x86
		{53B1F19D-41AA-4321-84B2-3D175D0DCEBA}.AppStore|x86.Deploy.0 = Release|x86
		{53B1F19D-41AA-4321-84B2-3D175D0DCEBA}.Debug|Any CPU.ActiveCfg = Debug|Any CPU
		{53B1F19D-41AA-4321-84B2-3D175D0DCEBA}.Debug|Any CPU.Build.0 = Debug|Any CPU
		{53B1F19D-41AA-4321-84B2-3D175D0DCEBA}.Debug|Any CPU.Deploy.0 = Debug|Any CPU
		{53B1F19D-41AA-4321-84B2-3D175D0DCEBA}.Debug|ARM.ActiveCfg = Debug|ARM
		{53B1F19D-41AA-4321-84B2-3D175D0DCEBA}.Debug|ARM.Build.0 = Debug|ARM
		{53B1F19D-41AA-4321-84B2-3D175D0DCEBA}.Debug|ARM.Deploy.0 = Debug|ARM
		{53B1F19D-41AA-4321-84B2-3D175D0DCEBA}.Debug|iPhone.ActiveCfg = Debug|Any CPU
		{53B1F19D-41AA-4321-84B2-3D175D0DCEBA}.Debug|iPhone.Build.0 = Debug|Any CPU
		{53B1F19D-41AA-4321-84B2-3D175D0DCEBA}.Debug|iPhone.Deploy.0 = Debug|Any CPU
		{53B1F19D-41AA-4321-84B2-3D175D0DCEBA}.Debug|iPhoneSimulator.ActiveCfg = Debug|Any CPU
		{53B1F19D-41AA-4321-84B2-3D175D0DCEBA}.Debug|iPhoneSimulator.Build.0 = Debug|Any CPU
		{53B1F19D-41AA-4321-84B2-3D175D0DCEBA}.Debug|iPhoneSimulator.Deploy.0 = Debug|Any CPU
		{53B1F19D-41AA-4321-84B2-3D175D0DCEBA}.Debug|x64.ActiveCfg = Debug|Any CPU
		{53B1F19D-41AA-4321-84B2-3D175D0DCEBA}.Debug|x64.Build.0 = Debug|Any CPU
		{53B1F19D-41AA-4321-84B2-3D175D0DCEBA}.Debug|x64.Deploy.0 = Debug|Any CPU
		{53B1F19D-41AA-4321-84B2-3D175D0DCEBA}.Debug|x86.ActiveCfg = Debug|x86
		{53B1F19D-41AA-4321-84B2-3D175D0DCEBA}.Debug|x86.Build.0 = Debug|x86
		{53B1F19D-41AA-4321-84B2-3D175D0DCEBA}.Debug|x86.Deploy.0 = Debug|x86
		{53B1F19D-41AA-4321-84B2-3D175D0DCEBA}.Release|Any CPU.ActiveCfg = Release|Any CPU
		{53B1F19D-41AA-4321-84B2-3D175D0DCEBA}.Release|Any CPU.Build.0 = Release|Any CPU
		{53B1F19D-41AA-4321-84B2-3D175D0DCEBA}.Release|Any CPU.Deploy.0 = Release|Any CPU
		{53B1F19D-41AA-4321-84B2-3D175D0DCEBA}.Release|ARM.ActiveCfg = Release|ARM
		{53B1F19D-41AA-4321-84B2-3D175D0DCEBA}.Release|ARM.Build.0 = Release|ARM
		{53B1F19D-41AA-4321-84B2-3D175D0DCEBA}.Release|ARM.Deploy.0 = Release|ARM
		{53B1F19D-41AA-4321-84B2-3D175D0DCEBA}.Release|iPhone.ActiveCfg = Release|Any CPU
		{53B1F19D-41AA-4321-84B2-3D175D0DCEBA}.Release|iPhone.Build.0 = Release|Any CPU
		{53B1F19D-41AA-4321-84B2-3D175D0DCEBA}.Release|iPhone.Deploy.0 = Release|Any CPU
		{53B1F19D-41AA-4321-84B2-3D175D0DCEBA}.Release|iPhoneSimulator.ActiveCfg = Release|Any CPU
		{53B1F19D-41AA-4321-84B2-3D175D0DCEBA}.Release|iPhoneSimulator.Build.0 = Release|Any CPU
		{53B1F19D-41AA-4321-84B2-3D175D0DCEBA}.Release|iPhoneSimulator.Deploy.0 = Release|Any CPU
		{53B1F19D-41AA-4321-84B2-3D175D0DCEBA}.Release|x64.ActiveCfg = Release|Any CPU
		{53B1F19D-41AA-4321-84B2-3D175D0DCEBA}.Release|x64.Build.0 = Release|Any CPU
		{53B1F19D-41AA-4321-84B2-3D175D0DCEBA}.Release|x64.Deploy.0 = Release|Any CPU
		{53B1F19D-41AA-4321-84B2-3D175D0DCEBA}.Release|x86.ActiveCfg = Release|x86
		{53B1F19D-41AA-4321-84B2-3D175D0DCEBA}.Release|x86.Build.0 = Release|x86
		{53B1F19D-41AA-4321-84B2-3D175D0DCEBA}.Release|x86.Deploy.0 = Release|x86
		{CAE0C844-5776-46DD-AA46-EB2AC90684CB}.Ad-Hoc|Any CPU.ActiveCfg = Release|x86
		{CAE0C844-5776-46DD-AA46-EB2AC90684CB}.Ad-Hoc|Any CPU.Build.0 = Release|x86
		{CAE0C844-5776-46DD-AA46-EB2AC90684CB}.Ad-Hoc|Any CPU.Deploy.0 = Release|x86
		{CAE0C844-5776-46DD-AA46-EB2AC90684CB}.Ad-Hoc|ARM.ActiveCfg = Release|ARM
		{CAE0C844-5776-46DD-AA46-EB2AC90684CB}.Ad-Hoc|ARM.Build.0 = Release|ARM
		{CAE0C844-5776-46DD-AA46-EB2AC90684CB}.Ad-Hoc|ARM.Deploy.0 = Release|ARM
		{CAE0C844-5776-46DD-AA46-EB2AC90684CB}.Ad-Hoc|iPhone.ActiveCfg = Release|x86
		{CAE0C844-5776-46DD-AA46-EB2AC90684CB}.Ad-Hoc|iPhone.Build.0 = Release|x86
		{CAE0C844-5776-46DD-AA46-EB2AC90684CB}.Ad-Hoc|iPhone.Deploy.0 = Release|x86
		{CAE0C844-5776-46DD-AA46-EB2AC90684CB}.Ad-Hoc|iPhoneSimulator.ActiveCfg = Release|x86
		{CAE0C844-5776-46DD-AA46-EB2AC90684CB}.Ad-Hoc|iPhoneSimulator.Build.0 = Release|x86
		{CAE0C844-5776-46DD-AA46-EB2AC90684CB}.Ad-Hoc|iPhoneSimulator.Deploy.0 = Release|x86
		{CAE0C844-5776-46DD-AA46-EB2AC90684CB}.Ad-Hoc|x64.ActiveCfg = Release|x64
		{CAE0C844-5776-46DD-AA46-EB2AC90684CB}.Ad-Hoc|x64.Build.0 = Release|x64
		{CAE0C844-5776-46DD-AA46-EB2AC90684CB}.Ad-Hoc|x64.Deploy.0 = Release|x64
		{CAE0C844-5776-46DD-AA46-EB2AC90684CB}.Ad-Hoc|x86.ActiveCfg = Release|x86
		{CAE0C844-5776-46DD-AA46-EB2AC90684CB}.Ad-Hoc|x86.Build.0 = Release|x86
		{CAE0C844-5776-46DD-AA46-EB2AC90684CB}.Ad-Hoc|x86.Deploy.0 = Release|x86
		{CAE0C844-5776-46DD-AA46-EB2AC90684CB}.AppStore|Any CPU.ActiveCfg = Release|x86
		{CAE0C844-5776-46DD-AA46-EB2AC90684CB}.AppStore|Any CPU.Build.0 = Release|x86
		{CAE0C844-5776-46DD-AA46-EB2AC90684CB}.AppStore|Any CPU.Deploy.0 = Release|x86
		{CAE0C844-5776-46DD-AA46-EB2AC90684CB}.AppStore|ARM.ActiveCfg = Release|ARM
		{CAE0C844-5776-46DD-AA46-EB2AC90684CB}.AppStore|ARM.Build.0 = Release|ARM
		{CAE0C844-5776-46DD-AA46-EB2AC90684CB}.AppStore|ARM.Deploy.0 = Release|ARM
		{CAE0C844-5776-46DD-AA46-EB2AC90684CB}.AppStore|iPhone.ActiveCfg = Release|x86
		{CAE0C844-5776-46DD-AA46-EB2AC90684CB}.AppStore|iPhone.Build.0 = Release|x86
		{CAE0C844-5776-46DD-AA46-EB2AC90684CB}.AppStore|iPhone.Deploy.0 = Release|x86
		{CAE0C844-5776-46DD-AA46-EB2AC90684CB}.AppStore|iPhoneSimulator.ActiveCfg = Release|x86
		{CAE0C844-5776-46DD-AA46-EB2AC90684CB}.AppStore|iPhoneSimulator.Build.0 = Release|x86
		{CAE0C844-5776-46DD-AA46-EB2AC90684CB}.AppStore|iPhoneSimulator.Deploy.0 = Release|x86
		{CAE0C844-5776-46DD-AA46-EB2AC90684CB}.AppStore|x64.ActiveCfg = Release|x64
		{CAE0C844-5776-46DD-AA46-EB2AC90684CB}.AppStore|x64.Build.0 = Release|x64
		{CAE0C844-5776-46DD-AA46-EB2AC90684CB}.AppStore|x64.Deploy.0 = Release|x64
		{CAE0C844-5776-46DD-AA46-EB2AC90684CB}.AppStore|x86.ActiveCfg = Release|x86
		{CAE0C844-5776-46DD-AA46-EB2AC90684CB}.AppStore|x86.Build.0 = Release|x86
		{CAE0C844-5776-46DD-AA46-EB2AC90684CB}.AppStore|x86.Deploy.0 = Release|x86
		{CAE0C844-5776-46DD-AA46-EB2AC90684CB}.Debug|Any CPU.ActiveCfg = Debug|x86
		{CAE0C844-5776-46DD-AA46-EB2AC90684CB}.Debug|ARM.ActiveCfg = Debug|ARM
		{CAE0C844-5776-46DD-AA46-EB2AC90684CB}.Debug|ARM.Build.0 = Debug|ARM
		{CAE0C844-5776-46DD-AA46-EB2AC90684CB}.Debug|ARM.Deploy.0 = Debug|ARM
		{CAE0C844-5776-46DD-AA46-EB2AC90684CB}.Debug|iPhone.ActiveCfg = Debug|x86
		{CAE0C844-5776-46DD-AA46-EB2AC90684CB}.Debug|iPhoneSimulator.ActiveCfg = Debug|x86
		{CAE0C844-5776-46DD-AA46-EB2AC90684CB}.Debug|x64.ActiveCfg = Debug|x64
		{CAE0C844-5776-46DD-AA46-EB2AC90684CB}.Debug|x64.Build.0 = Debug|x64
		{CAE0C844-5776-46DD-AA46-EB2AC90684CB}.Debug|x64.Deploy.0 = Debug|x64
		{CAE0C844-5776-46DD-AA46-EB2AC90684CB}.Debug|x86.ActiveCfg = Debug|x86
		{CAE0C844-5776-46DD-AA46-EB2AC90684CB}.Debug|x86.Build.0 = Debug|x86
		{CAE0C844-5776-46DD-AA46-EB2AC90684CB}.Debug|x86.Deploy.0 = Debug|x86
		{CAE0C844-5776-46DD-AA46-EB2AC90684CB}.Release|Any CPU.ActiveCfg = Release|x86
		{CAE0C844-5776-46DD-AA46-EB2AC90684CB}.Release|ARM.ActiveCfg = Release|ARM
		{CAE0C844-5776-46DD-AA46-EB2AC90684CB}.Release|ARM.Build.0 = Release|ARM
		{CAE0C844-5776-46DD-AA46-EB2AC90684CB}.Release|ARM.Deploy.0 = Release|ARM
		{CAE0C844-5776-46DD-AA46-EB2AC90684CB}.Release|iPhone.ActiveCfg = Release|x86
		{CAE0C844-5776-46DD-AA46-EB2AC90684CB}.Release|iPhoneSimulator.ActiveCfg = Release|x86
		{CAE0C844-5776-46DD-AA46-EB2AC90684CB}.Release|x64.ActiveCfg = Release|x64
		{CAE0C844-5776-46DD-AA46-EB2AC90684CB}.Release|x64.Build.0 = Release|x64
		{CAE0C844-5776-46DD-AA46-EB2AC90684CB}.Release|x64.Deploy.0 = Release|x64
		{CAE0C844-5776-46DD-AA46-EB2AC90684CB}.Release|x86.ActiveCfg = Release|x86
		{CAE0C844-5776-46DD-AA46-EB2AC90684CB}.Release|x86.Build.0 = Release|x86
		{CAE0C844-5776-46DD-AA46-EB2AC90684CB}.Release|x86.Deploy.0 = Release|x86
		{747DD7A7-6498-4F8D-9EB5-3359D06B29F7}.Ad-Hoc|Any CPU.ActiveCfg = Release|Any CPU
		{747DD7A7-6498-4F8D-9EB5-3359D06B29F7}.Ad-Hoc|Any CPU.Build.0 = Release|Any CPU
		{747DD7A7-6498-4F8D-9EB5-3359D06B29F7}.Ad-Hoc|Any CPU.Deploy.0 = Release|Any CPU
		{747DD7A7-6498-4F8D-9EB5-3359D06B29F7}.Ad-Hoc|ARM.ActiveCfg = Release|ARM
		{747DD7A7-6498-4F8D-9EB5-3359D06B29F7}.Ad-Hoc|ARM.Build.0 = Release|ARM
		{747DD7A7-6498-4F8D-9EB5-3359D06B29F7}.Ad-Hoc|ARM.Deploy.0 = Release|ARM
		{747DD7A7-6498-4F8D-9EB5-3359D06B29F7}.Ad-Hoc|iPhone.ActiveCfg = Release|Any CPU
		{747DD7A7-6498-4F8D-9EB5-3359D06B29F7}.Ad-Hoc|iPhone.Build.0 = Release|Any CPU
		{747DD7A7-6498-4F8D-9EB5-3359D06B29F7}.Ad-Hoc|iPhone.Deploy.0 = Release|Any CPU
		{747DD7A7-6498-4F8D-9EB5-3359D06B29F7}.Ad-Hoc|iPhoneSimulator.ActiveCfg = Release|Any CPU
		{747DD7A7-6498-4F8D-9EB5-3359D06B29F7}.Ad-Hoc|iPhoneSimulator.Build.0 = Release|Any CPU
		{747DD7A7-6498-4F8D-9EB5-3359D06B29F7}.Ad-Hoc|iPhoneSimulator.Deploy.0 = Release|Any CPU
		{747DD7A7-6498-4F8D-9EB5-3359D06B29F7}.Ad-Hoc|x64.ActiveCfg = Release|x64
		{747DD7A7-6498-4F8D-9EB5-3359D06B29F7}.Ad-Hoc|x64.Build.0 = Release|x64
		{747DD7A7-6498-4F8D-9EB5-3359D06B29F7}.Ad-Hoc|x64.Deploy.0 = Release|x64
		{747DD7A7-6498-4F8D-9EB5-3359D06B29F7}.Ad-Hoc|x86.ActiveCfg = Release|x86
		{747DD7A7-6498-4F8D-9EB5-3359D06B29F7}.Ad-Hoc|x86.Build.0 = Release|x86
		{747DD7A7-6498-4F8D-9EB5-3359D06B29F7}.Ad-Hoc|x86.Deploy.0 = Release|x86
		{747DD7A7-6498-4F8D-9EB5-3359D06B29F7}.AppStore|Any CPU.ActiveCfg = Release|Any CPU
		{747DD7A7-6498-4F8D-9EB5-3359D06B29F7}.AppStore|Any CPU.Build.0 = Release|Any CPU
		{747DD7A7-6498-4F8D-9EB5-3359D06B29F7}.AppStore|Any CPU.Deploy.0 = Release|Any CPU
		{747DD7A7-6498-4F8D-9EB5-3359D06B29F7}.AppStore|ARM.ActiveCfg = Release|ARM
		{747DD7A7-6498-4F8D-9EB5-3359D06B29F7}.AppStore|ARM.Build.0 = Release|ARM
		{747DD7A7-6498-4F8D-9EB5-3359D06B29F7}.AppStore|ARM.Deploy.0 = Release|ARM
		{747DD7A7-6498-4F8D-9EB5-3359D06B29F7}.AppStore|iPhone.ActiveCfg = Release|Any CPU
		{747DD7A7-6498-4F8D-9EB5-3359D06B29F7}.AppStore|iPhone.Build.0 = Release|Any CPU
		{747DD7A7-6498-4F8D-9EB5-3359D06B29F7}.AppStore|iPhone.Deploy.0 = Release|Any CPU
		{747DD7A7-6498-4F8D-9EB5-3359D06B29F7}.AppStore|iPhoneSimulator.ActiveCfg = Release|Any CPU
		{747DD7A7-6498-4F8D-9EB5-3359D06B29F7}.AppStore|iPhoneSimulator.Build.0 = Release|Any CPU
		{747DD7A7-6498-4F8D-9EB5-3359D06B29F7}.AppStore|iPhoneSimulator.Deploy.0 = Release|Any CPU
		{747DD7A7-6498-4F8D-9EB5-3359D06B29F7}.AppStore|x64.ActiveCfg = Release|x64
		{747DD7A7-6498-4F8D-9EB5-3359D06B29F7}.AppStore|x64.Build.0 = Release|x64
		{747DD7A7-6498-4F8D-9EB5-3359D06B29F7}.AppStore|x64.Deploy.0 = Release|x64
		{747DD7A7-6498-4F8D-9EB5-3359D06B29F7}.AppStore|x86.ActiveCfg = Release|x86
		{747DD7A7-6498-4F8D-9EB5-3359D06B29F7}.AppStore|x86.Build.0 = Release|x86
		{747DD7A7-6498-4F8D-9EB5-3359D06B29F7}.AppStore|x86.Deploy.0 = Release|x86
		{747DD7A7-6498-4F8D-9EB5-3359D06B29F7}.Debug|Any CPU.ActiveCfg = Debug|Any CPU
		{747DD7A7-6498-4F8D-9EB5-3359D06B29F7}.Debug|Any CPU.Build.0 = Debug|Any CPU
		{747DD7A7-6498-4F8D-9EB5-3359D06B29F7}.Debug|Any CPU.Deploy.0 = Debug|Any CPU
		{747DD7A7-6498-4F8D-9EB5-3359D06B29F7}.Debug|ARM.ActiveCfg = Debug|ARM
		{747DD7A7-6498-4F8D-9EB5-3359D06B29F7}.Debug|ARM.Build.0 = Debug|ARM
		{747DD7A7-6498-4F8D-9EB5-3359D06B29F7}.Debug|ARM.Deploy.0 = Debug|ARM
		{747DD7A7-6498-4F8D-9EB5-3359D06B29F7}.Debug|iPhone.ActiveCfg = Debug|Any CPU
		{747DD7A7-6498-4F8D-9EB5-3359D06B29F7}.Debug|iPhone.Build.0 = Debug|Any CPU
		{747DD7A7-6498-4F8D-9EB5-3359D06B29F7}.Debug|iPhone.Deploy.0 = Debug|Any CPU
		{747DD7A7-6498-4F8D-9EB5-3359D06B29F7}.Debug|iPhoneSimulator.ActiveCfg = Debug|Any CPU
		{747DD7A7-6498-4F8D-9EB5-3359D06B29F7}.Debug|iPhoneSimulator.Build.0 = Debug|Any CPU
		{747DD7A7-6498-4F8D-9EB5-3359D06B29F7}.Debug|iPhoneSimulator.Deploy.0 = Debug|Any CPU
		{747DD7A7-6498-4F8D-9EB5-3359D06B29F7}.Debug|x64.ActiveCfg = Debug|x64
		{747DD7A7-6498-4F8D-9EB5-3359D06B29F7}.Debug|x64.Build.0 = Debug|x64
		{747DD7A7-6498-4F8D-9EB5-3359D06B29F7}.Debug|x64.Deploy.0 = Debug|x64
		{747DD7A7-6498-4F8D-9EB5-3359D06B29F7}.Debug|x86.ActiveCfg = Debug|x86
		{747DD7A7-6498-4F8D-9EB5-3359D06B29F7}.Debug|x86.Build.0 = Debug|x86
		{747DD7A7-6498-4F8D-9EB5-3359D06B29F7}.Debug|x86.Deploy.0 = Debug|x86
		{747DD7A7-6498-4F8D-9EB5-3359D06B29F7}.Release|Any CPU.ActiveCfg = Release|Any CPU
		{747DD7A7-6498-4F8D-9EB5-3359D06B29F7}.Release|Any CPU.Build.0 = Release|Any CPU
		{747DD7A7-6498-4F8D-9EB5-3359D06B29F7}.Release|Any CPU.Deploy.0 = Release|Any CPU
		{747DD7A7-6498-4F8D-9EB5-3359D06B29F7}.Release|ARM.ActiveCfg = Release|ARM
		{747DD7A7-6498-4F8D-9EB5-3359D06B29F7}.Release|ARM.Build.0 = Release|ARM
		{747DD7A7-6498-4F8D-9EB5-3359D06B29F7}.Release|ARM.Deploy.0 = Release|ARM
		{747DD7A7-6498-4F8D-9EB5-3359D06B29F7}.Release|iPhone.ActiveCfg = Release|Any CPU
		{747DD7A7-6498-4F8D-9EB5-3359D06B29F7}.Release|iPhone.Build.0 = Release|Any CPU
		{747DD7A7-6498-4F8D-9EB5-3359D06B29F7}.Release|iPhone.Deploy.0 = Release|Any CPU
		{747DD7A7-6498-4F8D-9EB5-3359D06B29F7}.Release|iPhoneSimulator.ActiveCfg = Release|Any CPU
		{747DD7A7-6498-4F8D-9EB5-3359D06B29F7}.Release|iPhoneSimulator.Build.0 = Release|Any CPU
		{747DD7A7-6498-4F8D-9EB5-3359D06B29F7}.Release|iPhoneSimulator.Deploy.0 = Release|Any CPU
		{747DD7A7-6498-4F8D-9EB5-3359D06B29F7}.Release|x64.ActiveCfg = Release|x64
		{747DD7A7-6498-4F8D-9EB5-3359D06B29F7}.Release|x64.Build.0 = Release|x64
		{747DD7A7-6498-4F8D-9EB5-3359D06B29F7}.Release|x64.Deploy.0 = Release|x64
		{747DD7A7-6498-4F8D-9EB5-3359D06B29F7}.Release|x86.ActiveCfg = Release|x86
		{747DD7A7-6498-4F8D-9EB5-3359D06B29F7}.Release|x86.Build.0 = Release|x86
		{747DD7A7-6498-4F8D-9EB5-3359D06B29F7}.Release|x86.Deploy.0 = Release|x86
		{1203303C-8448-4980-B682-9233CE6BAA4F}.Ad-Hoc|Any CPU.ActiveCfg = Release|Any CPU
		{1203303C-8448-4980-B682-9233CE6BAA4F}.Ad-Hoc|Any CPU.Build.0 = Release|Any CPU
		{1203303C-8448-4980-B682-9233CE6BAA4F}.Ad-Hoc|ARM.ActiveCfg = Release|Any CPU
		{1203303C-8448-4980-B682-9233CE6BAA4F}.Ad-Hoc|ARM.Build.0 = Release|Any CPU
		{1203303C-8448-4980-B682-9233CE6BAA4F}.Ad-Hoc|iPhone.ActiveCfg = Release|Any CPU
		{1203303C-8448-4980-B682-9233CE6BAA4F}.Ad-Hoc|iPhone.Build.0 = Release|Any CPU
		{1203303C-8448-4980-B682-9233CE6BAA4F}.Ad-Hoc|iPhoneSimulator.ActiveCfg = Release|Any CPU
		{1203303C-8448-4980-B682-9233CE6BAA4F}.Ad-Hoc|iPhoneSimulator.Build.0 = Release|Any CPU
		{1203303C-8448-4980-B682-9233CE6BAA4F}.Ad-Hoc|x64.ActiveCfg = Release|Any CPU
		{1203303C-8448-4980-B682-9233CE6BAA4F}.Ad-Hoc|x64.Build.0 = Release|Any CPU
		{1203303C-8448-4980-B682-9233CE6BAA4F}.Ad-Hoc|x86.ActiveCfg = Release|Any CPU
		{1203303C-8448-4980-B682-9233CE6BAA4F}.Ad-Hoc|x86.Build.0 = Release|Any CPU
		{1203303C-8448-4980-B682-9233CE6BAA4F}.AppStore|Any CPU.ActiveCfg = Release|Any CPU
		{1203303C-8448-4980-B682-9233CE6BAA4F}.AppStore|Any CPU.Build.0 = Release|Any CPU
		{1203303C-8448-4980-B682-9233CE6BAA4F}.AppStore|ARM.ActiveCfg = Release|Any CPU
		{1203303C-8448-4980-B682-9233CE6BAA4F}.AppStore|ARM.Build.0 = Release|Any CPU
		{1203303C-8448-4980-B682-9233CE6BAA4F}.AppStore|iPhone.ActiveCfg = Release|Any CPU
		{1203303C-8448-4980-B682-9233CE6BAA4F}.AppStore|iPhone.Build.0 = Release|Any CPU
		{1203303C-8448-4980-B682-9233CE6BAA4F}.AppStore|iPhoneSimulator.ActiveCfg = Release|Any CPU
		{1203303C-8448-4980-B682-9233CE6BAA4F}.AppStore|iPhoneSimulator.Build.0 = Release|Any CPU
		{1203303C-8448-4980-B682-9233CE6BAA4F}.AppStore|x64.ActiveCfg = Release|Any CPU
		{1203303C-8448-4980-B682-9233CE6BAA4F}.AppStore|x64.Build.0 = Release|Any CPU
		{1203303C-8448-4980-B682-9233CE6BAA4F}.AppStore|x86.ActiveCfg = Release|Any CPU
		{1203303C-8448-4980-B682-9233CE6BAA4F}.AppStore|x86.Build.0 = Release|Any CPU
		{1203303C-8448-4980-B682-9233CE6BAA4F}.Debug|Any CPU.ActiveCfg = Debug|Any CPU
		{1203303C-8448-4980-B682-9233CE6BAA4F}.Debug|Any CPU.Build.0 = Debug|Any CPU
		{1203303C-8448-4980-B682-9233CE6BAA4F}.Debug|ARM.ActiveCfg = Debug|Any CPU
		{1203303C-8448-4980-B682-9233CE6BAA4F}.Debug|ARM.Build.0 = Debug|Any CPU
		{1203303C-8448-4980-B682-9233CE6BAA4F}.Debug|iPhone.ActiveCfg = Debug|Any CPU
		{1203303C-8448-4980-B682-9233CE6BAA4F}.Debug|iPhone.Build.0 = Debug|Any CPU
		{1203303C-8448-4980-B682-9233CE6BAA4F}.Debug|iPhoneSimulator.ActiveCfg = Debug|Any CPU
		{1203303C-8448-4980-B682-9233CE6BAA4F}.Debug|iPhoneSimulator.Build.0 = Debug|Any CPU
		{1203303C-8448-4980-B682-9233CE6BAA4F}.Debug|x64.ActiveCfg = Debug|Any CPU
		{1203303C-8448-4980-B682-9233CE6BAA4F}.Debug|x64.Build.0 = Debug|Any CPU
		{1203303C-8448-4980-B682-9233CE6BAA4F}.Debug|x86.ActiveCfg = Debug|Any CPU
		{1203303C-8448-4980-B682-9233CE6BAA4F}.Debug|x86.Build.0 = Debug|Any CPU
		{1203303C-8448-4980-B682-9233CE6BAA4F}.Release|Any CPU.ActiveCfg = Release|Any CPU
		{1203303C-8448-4980-B682-9233CE6BAA4F}.Release|Any CPU.Build.0 = Release|Any CPU
		{1203303C-8448-4980-B682-9233CE6BAA4F}.Release|ARM.ActiveCfg = Release|Any CPU
		{1203303C-8448-4980-B682-9233CE6BAA4F}.Release|ARM.Build.0 = Release|Any CPU
		{1203303C-8448-4980-B682-9233CE6BAA4F}.Release|iPhone.ActiveCfg = Release|Any CPU
		{1203303C-8448-4980-B682-9233CE6BAA4F}.Release|iPhone.Build.0 = Release|Any CPU
		{1203303C-8448-4980-B682-9233CE6BAA4F}.Release|iPhoneSimulator.ActiveCfg = Release|Any CPU
		{1203303C-8448-4980-B682-9233CE6BAA4F}.Release|iPhoneSimulator.Build.0 = Release|Any CPU
		{1203303C-8448-4980-B682-9233CE6BAA4F}.Release|x64.ActiveCfg = Release|Any CPU
		{1203303C-8448-4980-B682-9233CE6BAA4F}.Release|x64.Build.0 = Release|Any CPU
		{1203303C-8448-4980-B682-9233CE6BAA4F}.Release|x86.ActiveCfg = Release|Any CPU
		{1203303C-8448-4980-B682-9233CE6BAA4F}.Release|x86.Build.0 = Release|Any CPU
	EndGlobalSection
	GlobalSection(SolutionProperties) = preSolution
		HideSolutionNode = FALSE
	EndGlobalSection
EndGlobal
